
Microsoft Visual Studio Solution File, Format Version 12.00
Project("{FAE04EC0-301F-11D3-BF4B-00C04F79EFBC}") = "MQTT_broker", "MQTT_broker\MQTT_broker.csproj", "{B62C635F-B16C-4BB7-9200-614480080900}"
EndProject
Project("{FAE04EC0-301F-11D3-BF4B-00C04F79EFBC}") = "MQTT_client", "MQTT_client\MQTT_client.csproj", "{C105A1C1-F434-4191-ABC4-93D10ED83CE9}"
EndProject
Project("{FAE04EC0-301F-11D3-BF4B-00C04F79EFBC}") = "DATA_processor", "DATA_processor\DATA_processor.csproj", "{A9BF29EA-6364-48BA-9990-6E86E569EB58}"
EndProject
Project("{FAE04EC0-301F-11D3-BF4B-00C04F79EFBC}") = "DATA_viewer", "DATA_viewer\DATA_viewer.csproj", "{06B91A9B-345A-44A1-A7B9-6E93706FDDC9}"
EndProject
Project("{FAE04EC0-301F-11D3-BF4B-00C04F79EFBC}") = "PLUG_emulator", "PLUG_emulator\PLUG_emulator.csproj", "{8B69B008-D324-4120-B66E-56E52C602D09}"
EndProject
Project("{FAE04EC0-301F-11D3-BF4B-00C04F79EFBC}") = "API_service", "API_service\API_service.csproj", "{8FFD4ED7-A118-4569-8ADB-33E7CA81DB9E}"
EndProject
Project("{FAE04EC0-301F-11D3-BF4B-00C04F79EFBC}") = "IDENTITY_service", "IDENTITY_service\IDENTITY_service.csproj", "{E8098710-080A-4606-B299-414E53C82F22}"
EndProject
Global
	GlobalSection(SolutionConfigurationPlatforms) = preSolution
		Debug|Any CPU = Debug|Any CPU
		Release|Any CPU = Release|Any CPU
	EndGlobalSection
	GlobalSection(ProjectConfigurationPlatforms) = postSolution
		{B62C635F-B16C-4BB7-9200-614480080900}.Debug|Any CPU.ActiveCfg = Debug|Any CPU
		{B62C635F-B16C-4BB7-9200-614480080900}.Debug|Any CPU.Build.0 = Debug|Any CPU
		{B62C635F-B16C-4BB7-9200-614480080900}.Release|Any CPU.ActiveCfg = Release|Any CPU
		{B62C635F-B16C-4BB7-9200-614480080900}.Release|Any CPU.Build.0 = Release|Any CPU
		{C105A1C1-F434-4191-ABC4-93D10ED83CE9}.Debug|Any CPU.ActiveCfg = Debug|Any CPU
		{C105A1C1-F434-4191-ABC4-93D10ED83CE9}.Debug|Any CPU.Build.0 = Debug|Any CPU
		{C105A1C1-F434-4191-ABC4-93D10ED83CE9}.Release|Any CPU.ActiveCfg = Release|Any CPU
		{C105A1C1-F434-4191-ABC4-93D10ED83CE9}.Release|Any CPU.Build.0 = Release|Any CPU
		{A9BF29EA-6364-48BA-9990-6E86E569EB58}.Debug|Any CPU.ActiveCfg = Debug|Any CPU
		{A9BF29EA-6364-48BA-9990-6E86E569EB58}.Debug|Any CPU.Build.0 = Debug|Any CPU
		{A9BF29EA-6364-48BA-9990-6E86E569EB58}.Release|Any CPU.ActiveCfg = Release|Any CPU
		{A9BF29EA-6364-48BA-9990-6E86E569EB58}.Release|Any CPU.Build.0 = Release|Any CPU
		{06B91A9B-345A-44A1-A7B9-6E93706FDDC9}.Debug|Any CPU.ActiveCfg = Debug|Any CPU
		{06B91A9B-345A-44A1-A7B9-6E93706FDDC9}.Debug|Any CPU.Build.0 = Debug|Any CPU
		{06B91A9B-345A-44A1-A7B9-6E93706FDDC9}.Release|Any CPU.ActiveCfg = Release|Any CPU
		{06B91A9B-345A-44A1-A7B9-6E93706FDDC9}.Release|Any CPU.Build.0 = Release|Any CPU
		{8B69B008-D324-4120-B66E-56E52C602D09}.Debug|Any CPU.ActiveCfg = Debug|Any CPU
		{8B69B008-D324-4120-B66E-56E52C602D09}.Debug|Any CPU.Build.0 = Debug|Any CPU
		{8B69B008-D324-4120-B66E-56E52C602D09}.Release|Any CPU.ActiveCfg = Release|Any CPU
		{8B69B008-D324-4120-B66E-56E52C602D09}.Release|Any CPU.Build.0 = Release|Any CPU
		{8FFD4ED7-A118-4569-8ADB-33E7CA81DB9E}.Debug|Any CPU.ActiveCfg = Debug|Any CPU
		{8FFD4ED7-A118-4569-8ADB-33E7CA81DB9E}.Debug|Any CPU.Build.0 = Debug|Any CPU
		{8FFD4ED7-A118-4569-8ADB-33E7CA81DB9E}.Release|Any CPU.ActiveCfg = Release|Any CPU
		{8FFD4ED7-A118-4569-8ADB-33E7CA81DB9E}.Release|Any CPU.Build.0 = Release|Any CPU
		{E8098710-080A-4606-B299-414E53C82F22}.Debug|Any CPU.ActiveCfg = Debug|Any CPU
		{E8098710-080A-4606-B299-414E53C82F22}.Debug|Any CPU.Build.0 = Debug|Any CPU
		{E8098710-080A-4606-B299-414E53C82F22}.Release|Any CPU.ActiveCfg = Release|Any CPU
		{E8098710-080A-4606-B299-414E53C82F22}.Release|Any CPU.Build.0 = Release|Any CPU
	EndGlobalSection
	GlobalSection(NestedProjects) = preSolution
	EndGlobalSection
EndGlobal
